
Microsoft Visual Studio Solution File, Format Version 12.00
# Visual Studio Version 17
VisualStudioVersion = 17.4.33122.133
MinimumVisualStudioVersion = 10.0.40219.1
Project("{FAE04EC0-301F-11D3-BF4B-00C04F79EFBC}") = "employees", "employees\employees.csproj", "{73AB5F19-E2AC-4FE2-A547-F18B39C22B3A}"
EndProject
Global
	GlobalSection(SolutionConfigurationPlatforms) = preSolution
		Debug|Any CPU = Debug|Any CPU
		Release|Any CPU = Release|Any CPU
	EndGlobalSection
	GlobalSection(ProjectConfigurationPlatforms) = postSolution
		{73AB5F19-E2AC-4FE2-A547-F18B39C22B3A}.Debug|Any CPU.ActiveCfg = Debug|Any CPU
		{73AB5F19-E2AC-4FE2-A547-F18B39C22B3A}.Debug|Any CPU.Build.0 = Debug|Any CPU
		{73AB5F19-E2AC-4FE2-A547-F18B39C22B3A}.Release|Any CPU.ActiveCfg = Release|Any CPU
		{73AB5F19-E2AC-4FE2-A547-F18B39C22B3A}.Release|Any CPU.Build.0 = Release|Any CPU
	EndGlobalSection
	GlobalSection(SolutionProperties) = preSolution
		HideSolutionNode = FALSE
	EndGlobalSection
	GlobalSection(ExtensibilityGlobals) = postSolution
		SolutionGuid = {EA530E97-873E-4AAB-97E0-2FF583375735}
	EndGlobalSection
EndGlobal
